github.com/0xAX/notificator v0.0.0-20191016112426-3962a5ea8da1 h1:j9HaafapDbPbGRDku6e/HRs6KBMcKHiWcm1/9Sbxnl4=
github.com/0xAX/notificator v0.0.0-20191016112426-3962a5ea8da1/go.mod h1:NtXa9WwQsukMHZpjNakTTz0LArxvGYdPA9CjIcUSZ6s=
github.com/codegangsta/envy v0.0.0-20141216192214-4b78388c8ce4 h1:ihrIKrLQzm6Q6NJHBMemvaIGTFxgxQUEkn2AjN0Aulw=
github.com/codegangsta/envy v0.0.0-20141216192214-4b78388c8ce4/go.mod h1:X7wHz0C25Lga6CnJ4WAQNbUQ9P/8eWSNv8qIO71YkSM=
github.com/codegangsta/gin v0.0.0-20171026143024-cafe2ce98974 h1:ysuVNDVE4LIky6I+6JlgAKG+wBNKMpVv3m3neVpvFVw=
github.com/codegangsta/gin v0.0.0-20171026143024-cafe2ce98974/go.mod h1:UBYuwaH3dMw91EZ7tGVaFF6GDj5j46S7zqB9lZPIe58=
github.com/gogits/go-gogs-client v0.0.0-20200905025246-8bb8a50cb355 h1:HTVNOdTWO/gHYeFnr/HwpYwY6tgMcYd+Rgf1XrHnORY=
github.com/gogits/go-gogs-client v0.0.0-20200905025246-8bb8a50cb355/go.mod h1:cY2AIrMgHm6oOHmR7jY+9TtjzSjQ3iG7tURJG3Y6XH0=
github.com/hoanganhd-1958/webhooks v5.16.0+incompatible h1:4ovr6snZL1D7y758ONqDa8SkQR06FOv9ySyRqTw++xA=
github.com/hoanganhd-1958/webhooks v5.16.0+incompatible/go.mod h1:nECNA434lT1nAqxZi9zuy6meg2QJ+X7d7gd7Iwy4eRo=
github.com/hoanganhd-1958/webhooks v6.0.0+incompatible h1:TowT82vdXy70VbZWTc+QtSttblfDvjaEC555QycdHJo=
github.com/hoanganhd-1958/webhooks v6.0.0+incompatible/go.mod h1:nECNA434lT1nAqxZi9zuy6meg2QJ+X7d7gd7Iwy4eRo=
github.com/hoanganhd-1958/webhooks v6.1.0+incompatible h1:oiKKnpdczmSWjsQRcHW9XpCII8M5ySKoaxVjGIJn6dI=
github.com/hoanganhd-1958/webhooks v6.1.0+incompatible/go.mod h1:nECNA434lT1nAqxZi9zuy6meg2QJ+X7d7gd7Iwy4eRo=
github.com/mattn/go-shellwords v1.0.10 h1:Y7Xqm8piKOO3v10Thp7Z36h4FYFjt5xB//6XvOrs2Gw=
github.com/mattn/go-shellwords v1.0.10/go.mod h1:EZzvwXDESEeg03EKmM+RmDnNOPKG4lLtQsUlTZDWQ8Y=
gopkg.in/go-playground/webhooks.v5 v5.16.0 h1:+7ssQrjaZaul/VqUXXLdSwUwrCKDn6dwi3nn0jZY8+4=
gopkg.in/go-playground/webhooks.v5 v5.16.0/go.mod h1:LZbya/qLVdbqDR1aKrGuWV6qbia2zCYSR5dpom2SInQ=
gopkg.in/urfave/cli.v1 v1.20.0 h1:NdAVW6RYxDif9DhDHaAortIu956m2c0v+09AZBPTbE0=
gopkg.in/urfave/cli.v1 v1.20.0/go.mod h1:vuBzUtMdQeixQj8LVd+/98pzhxNGQoyuPBlsXHOQNO0=
